
Microsoft Visual Studio Solution File, Format Version 12.00
# Visual Studio Version 17
VisualStudioVersion = 17.2.32519.379
MinimumVisualStudioVersion = 10.0.40219.1
Project("{9A19103F-16F7-4668-BE54-9A1E7A4F7556}") = "Entitites", "Entitites\Entitites.csproj", "{CBD529FB-C1C7-41D9-ACA6-AE58BBFF044B}"
EndProject
Project("{9A19103F-16F7-4668-BE54-9A1E7A4F7556}") = "Business", "Business\Business.csproj", "{76AB34EC-60DD-40A2-9BF1-4DCE375779D1}"
EndProject
Project("{9A19103F-16F7-4668-BE54-9A1E7A4F7556}") = "DataAccess", "DataAccess\DataAccess.csproj", "{1FC2A141-9615-4AA4-9AFA-75CD753CC6C4}"
EndProject
Project("{9A19103F-16F7-4668-BE54-9A1E7A4F7556}") = "ConsoleUI", "ConsoleUI\ConsoleUI.csproj", "{3B62C50A-BEA5-4552-A136-C460DC830206}"
EndProject
Project("{9A19103F-16F7-4668-BE54-9A1E7A4F7556}") = "Core", "Core\Core.csproj", "{1B325445-5697-47F2-8B45-54E5B5445E1C}"
EndProject
Project("{FAE04EC0-301F-11D3-BF4B-00C04F79EFBC}") = "WebAPI", "WebAPI\WebAPI.csproj", "{6E8A416E-19D4-4DCA-9E88-6949A2D8428A}"
EndProject
Global
	GlobalSection(SolutionConfigurationPlatforms) = preSolution
		Debug|Any CPU = Debug|Any CPU
		Release|Any CPU = Release|Any CPU
	EndGlobalSection
	GlobalSection(ProjectConfigurationPlatforms) = postSolution
		{CBD529FB-C1C7-41D9-ACA6-AE58BBFF044B}.Debug|Any CPU.ActiveCfg = Debug|Any CPU
		{CBD529FB-C1C7-41D9-ACA6-AE58BBFF044B}.Debug|Any CPU.Build.0 = Debug|Any CPU
		{CBD529FB-C1C7-41D9-ACA6-AE58BBFF044B}.Release|Any CPU.ActiveCfg = Release|Any CPU
		{CBD529FB-C1C7-41D9-ACA6-AE58BBFF044B}.Release|Any CPU.Build.0 = Release|Any CPU
		{76AB34EC-60DD-40A2-9BF1-4DCE375779D1}.Debug|Any CPU.ActiveCfg = Debug|Any CPU
		{76AB34EC-60DD-40A2-9BF1-4DCE375779D1}.Debug|Any CPU.Build.0 = Debug|Any CPU
		{76AB34EC-60DD-40A2-9BF1-4DCE375779D1}.Release|Any CPU.ActiveCfg = Release|Any CPU
		{76AB34EC-60DD-40A2-9BF1-4DCE375779D1}.Release|Any CPU.Build.0 = Release|Any CPU
		{1FC2A141-9615-4AA4-9AFA-75CD753CC6C4}.Debug|Any CPU.ActiveCfg = Debug|Any CPU
		{1FC2A141-9615-4AA4-9AFA-75CD753CC6C4}.Debug|Any CPU.Build.0 = Debug|Any CPU
		{1FC2A141-9615-4AA4-9AFA-75CD753CC6C4}.Release|Any CPU.ActiveCfg = Release|Any CPU
		{1FC2A141-9615-4AA4-9AFA-75CD753CC6C4}.Release|Any CPU.Build.0 = Release|Any CPU
		{3B62C50A-BEA5-4552-A136-C460DC830206}.Debug|Any CPU.ActiveCfg = Debug|Any CPU
		{3B62C50A-BEA5-4552-A136-C460DC830206}.Debug|Any CPU.Build.0 = Debug|Any CPU
		{3B62C50A-BEA5-4552-A136-C460DC830206}.Release|Any CPU.ActiveCfg = Release|Any CPU
		{3B62C50A-BEA5-4552-A136-C460DC830206}.Release|Any CPU.Build.0 = Release|Any CPU
		{1B325445-5697-47F2-8B45-54E5B5445E1C}.Debug|Any CPU.ActiveCfg = Debug|Any CPU
		{1B325445-5697-47F2-8B45-54E5B5445E1C}.Debug|Any CPU.Build.0 = Debug|Any CPU
		{1B325445-5697-47F2-8B45-54E5B5445E1C}.Release|Any CPU.ActiveCfg = Release|Any CPU
		{1B325445-5697-47F2-8B45-54E5B5445E1C}.Release|Any CPU.Build.0 = Release|Any CPU
		{6E8A416E-19D4-4DCA-9E88-6949A2D8428A}.Debug|Any CPU.ActiveCfg = Debug|Any CPU
		{6E8A416E-19D4-4DCA-9E88-6949A2D8428A}.Debug|Any CPU.Build.0 = Debug|Any CPU
		{6E8A416E-19D4-4DCA-9E88-6949A2D8428A}.Release|Any CPU.ActiveCfg = Release|Any CPU
		{6E8A416E-19D4-4DCA-9E88-6949A2D8428A}.Release|Any CPU.Build.0 = Release|Any CPU
	EndGlobalSection
	GlobalSection(SolutionProperties) = preSolution
		HideSolutionNode = FALSE
	EndGlobalSection
	GlobalSection(ExtensibilityGlobals) = postSolution
		SolutionGuid = {8ECB84C7-8FB5-4A55-AF3C-580BBDD2F676}
	EndGlobalSection
EndGlobal
